{
  "name": "@cotarr/collab-backend-token-auth",
  "version": "2.0.2",
  "lockfileVersion": 3,
  "requires": true,
  "packages": {
    "": {
      "name": "@cotarr/collab-backend-token-auth",
      "version": "2.0.2",
      "license": "MIT",
      "devDependencies": {},
      "engines": {
        "node": ">=18"
      }
    }
  }
}
